// !$*UTF8*$!
{
	archiveVersion = 1;
	classes = {
	};
	objectVersion = 46;
	objects = {

/* Begin PBXBuildFile section */
		20C0E34B1C9AF4C8009D918E /* AppDelegate.swift in Sources */ = {isa = PBXBuildFile; fileRef = 20C0E34A1C9AF4C8009D918E /* AppDelegate.swift */; };
		20C0E34D1C9AF4C8009D918E /* ViewController.swift in Sources */ = {isa = PBXBuildFile; fileRef = 20C0E34C1C9AF4C8009D918E /* ViewController.swift */; };
		20C0E3501C9AF4C8009D918E /* Main.storyboard in Resources */ = {isa = PBXBuildFile; fileRef = 20C0E34E1C9AF4C8009D918E /* Main.storyboard */; };
		20C0E3521C9AF4C8009D918E /* Assets.xcassets in Resources */ = {isa = PBXBuildFile; fileRef = 20C0E3511C9AF4C8009D918E /* Assets.xcassets */; };
		20C0E3551C9AF4C8009D918E /* LaunchScreen.storyboard in Resources */ = {isa = PBXBuildFile; fileRef = 20C0E3531C9AF4C8009D918E /* LaunchScreen.storyboard */; };
/* End PBXBuildFile section */

/* Begin PBXFileReference section */
		20C0E3471C9AF4C8009D918E /* ConsultaSwift.app */ = {isa = PBXFileReference; explicitFileType = wrapper.application; includeInIndex = 0; path = ConsultaSwift.app; sourceTree = BUILT_PRODUCTS_DIR; };
		20C0E34A1C9AF4C8009D918E /* AppDelegate.swift */ = {isa = PBXFileReference; lastKnownFileType = sourcecode.swift; path = AppDelegate.swift; sourceTree = "<group>"; };
		20C0E34C1C9AF4C8009D918E /* ViewController.swift */ = {isa = PBXFileReference; lastKnownFileType = sourcecode.swift; path = ViewController.swift; sourceTree = "<group>"; };
		20C0E34F1C9AF4C8009D918E /* Base */ = {isa = PBXFileReference; lastKnownFileType = file.storyboard; name = Base; path = Base.lproj/Main.storyboard; sourceTree = "<group>"; };
		20C0E3511C9AF4C8009D918E /* Assets.xcassets */ = {isa = PBXFileReference; lastKnownFileType = folder.assetcatalog; path = Assets.xcassets; sourceTree = "<group>"; };
		20C0E3541C9AF4C8009D918E /* Base */ = {isa = PBXFileReference; lastKnownFileType = file.storyboard; name = Base; path = Base.lproj/LaunchScreen.storyboard; sourceTree = "<group>"; };
		20C0E3561C9AF4C8009D918E /* Info.plist */ = {isa = PBXFileReference; lastKnownFileType = text.plist.xml; path = Info.plist; sourceTree = "<group>"; };
/* End PBXFileReference section */

/* Begin PBXFrameworksBuildPhase section */
		20C0E3441C9AF4C8009D918E /* Frameworks */ = {
			isa = PBXFrameworksBuildPhase;
			buildActionMask = 2147483647;
			files = (
			);
			runOnlyForDeploymentPostprocessing = 0;
		};
/* End PBXFrameworksBuildPhase section */

/* Begin PBXGroup section */
		20C0E33E1C9AF4C7009D918E = {
			isa = PBXGroup;
			children = (
				20C0E3491C9AF4C8009D918E /* ConsultaSwift */,
				20C0E3481C9AF4C8009D918E /* Products */,
			);
			sourceTree = "<group>";
		};
		20C0E3481C9AF4C8009D918E /* Products */ = {
			isa = PBXGroup;
			children = (
				20C0E3471C9AF4C8009D918E /* ConsultaSwift.app */,
			);
			name = Products;
			sourceTree = "<group>";
		};
		20C0E3491C9AF4C8009D918E /* ConsultaSwift */ = {
			isa = PBXGroup;
			children = (
				20C0E34A1C9AF4C8009D918E /* AppDelegate.swift */,
				20C0E34C1C9AF4C8009D918E /* ViewController.swift */,
				20C0E34E1C9AF4C8009D918E /* Main.storyboard */,
				20C0E3511C9AF4C8009D918E /* Assets.xcassets */,
				20C0E3531C9AF4C8009D918E /* LaunchScreen.storyboard */,
				20C0E3561C9AF4C8009D918E /* Info.plist */,
			);
			path = ConsultaSwift;
			sourceTree = "<group>";
		};
/* End PBXGroup section */

/* Begin PBXNativeTarget section */
		20C0E3461C9AF4C8009D918E /* ConsultaSwift */ = {
			isa = PBXNativeTarget;
			buildConfigurationList = 20C0E3591C9AF4C8009D918E /* Build configuration list for PBXNativeTarget "ConsultaSwift" */;
			buildPhases = (
				20C0E3431C9AF4C8009D918E /* Sources */,
				20C0E3441C9AF4C8009D918E /* Frameworks */,
				20C0E3451C9AF4C8009D918E /* Resources */,
			);
			buildRules = (
			);
			dependencies = (
			);
			name = ConsultaSwift;
			productName = ConsultaSwift;
			productReference = 20C0E3471C9AF4C8009D918E /* ConsultaSwift.app */;
			productType = "com.apple.product-type.application";
		};
/* End PBXNativeTarget section */

/* Begin PBXProject section */
		20C0E33F1C9AF4C7009D918E /* Project object */ = {
			isa = PBXProject;
			attributes = {
				LastSwiftUpdateCheck = 0720;
				LastUpgradeCheck = 0720;
				ORGANIZATIONNAME = G;
				TargetAttributes = {
					20C0E3461C9AF4C8009D918E = {
						CreatedOnToolsVersion = 7.2.1;
					};
				};
			};
			buildConfigurationList = 20C0E3421C9AF4C7009D918E /* Build configuration list for PBXProject "ConsultaSwift" */;
			compatibilityVersion = "Xcode 3.2";
			developmentRegion = English;
			hasScannedForEncodings = 0;
			knownRegions = (
				en,
				Base,
			);
			mainGroup = 20C0E33E1C9AF4C7009D918E;
			productRefGroup = 20C0E3481C9AF4C8009D918E /* Products */;
			projectDirPath = "";
			projectRoot = "";
			targets = (
				20C0E3461C9AF4C8009D918E /* ConsultaSwift */,
			);
		};
/* End PBXProject section */

/* Begin PBXResourcesBuildPhase section */
		20C0E3451C9AF4C8009D918E /* Resources */ = {
			isa = PBXResourcesBuildPhase;
			buildActionMask = 2147483647;
			files = (
				20C0E3551C9AF4C8009D918E /* LaunchScreen.storyboard in Resources */,
				20C0E3521C9AF4C8009D918E /* Assets.xcassets in Resources */,
				20C0E3501C9AF4C8009D918E /* Main.storyboard in Resources */,
			);
			runOnlyForDeploymentPostprocessing = 0;
		};
/* End PBXResourcesBuildPhase section */

/* Begin PBXSourcesBuildPhase section */
		20C0E3431C9AF4C8009D918E /* Sources */ = {
			isa = PBXSourcesBuildPhase;
			buildActionMask = 2147483647;
			files = (
				20C0E34D1C9AF4C8009D918E /* ViewController.swift in Sources */,
				20C0E34B1C9AF4C8009D918E /* AppDelegate.swift in Sources */,
			);
			runOnlyForDeploymentPostprocessing = 0;
		};
/* End PBXSourcesBuildPhase section */

/* Begin PBXVariantGroup section */
		20C0E34E1C9AF4C8009D918E /* Main.storyboard */ = {
			isa = PBXVariantGroup;
			children = (
				20C0E34F1C9AF4C8009D918E /* Base */,
			);
			name = Main.storyboard;
			sourceTree = "<group>";
		};
		20C0E3531C9AF4C8009D918E /* LaunchScreen.storyboard */ = {
			isa = PBXVariantGroup;
			children = (
				20C0E3541C9AF4C8009D918E /* Base */,
			);
			name = LaunchScreen.storyboard;
			sourceTree = "<group>";
		};
/* End PBXVariantGroup section */

/* Begin XCBuildConfiguration section */
		20C0E3571C9AF4C8009D918E /* Debug */ = {
			isa = XCBuildConfiguration;
			buildSettings = {
				ALWAYS_SEARCH_USER_PATHS = NO;
				CLANG_CXX_LANGUAGE_STANDARD = "gnu++0x";
				CLANG_CXX_LIBRARY = "libc++";
				CLANG_ENABLE_MODULES = YES;
				CLANG_ENABLE_OBJC_ARC = YES;
				CLANG_WARN_BOOL_CONVERSION = YES;
				CLANG_WARN_CONSTANT_CONVERSION = YES;
				CLANG_WARN_DIRECT_OBJC_ISA_USAGE = YES_ERROR;
				CLANG_WARN_EMPTY_BODY = YES;
				CLANG_WARN_ENUM_CONVERSION = YES;
				CLANG_WARN_INT_CONVERSION = YES;
				CLANG_WARN_OBJC_ROOT_CLASS = YES_ERROR;
				CLANG_WARN_UNREACHABLE_CODE = YES;
				CLANG_WARN__DUPLICATE_METHOD_MATCH = YES;
				"CODE_SIGN_IDENTITY[sdk=iphoneos*]" = "iPhone Developer";
				COPY_PHASE_STRIP = NO;
				DEBUG_INFORMATION_FORMAT = dwarf;
				ENABLE_STRICT_OBJC_MSGSEND = YES;
				ENABLE_TESTABILITY = YES;
				GCC_C_LANGUAGE_STANDARD = gnu99;
				GCC_DYNAMIC_NO_PIC = NO;
				GCC_NO_COMMON_BLOCKS = YES;
				GCC_OPTIMIZATION_LEVEL = 0;
				GCC_PREPROCESSOR_DEFINITIONS = (
					"DEBUG=1",
					"$(inherited)",
				);
				GCC_WARN_64_TO_32_BIT_CONVERSION = YES;
				GCC_WARN_ABOUT_RETURN_TYPE = YES_ERROR;
				GCC_WARN_UNDECLARED_SELECTOR = YES;
				GCC_WARN_UNINITIALIZED_AUTOS = YES_AGGRESSIVE;
				GCC_WARN_UNUSED_FUNCTION = YES;
				GCC_WARN_UNUSED_VARIABLE = YES;
				IPHONEOS_DEPLOYMENT_TARGET = 9.2;
				MTL_ENABLE_DEBUG_INFO = YES;
				ONLY_ACTIVE_ARCH = YES;
				SDKROOT = iphoneos;
				SWIFT_OPTIMIZATION_LEVEL = "-Onone";
			};
			name = Debug;
		};
		20C0E3581C9AF4C8009D918E /* Release */ = {
			isa = XCBuildConfiguration;
			buildSettings = {
				ALWAYS_SEARCH_USER_PATHS = NO;
				CLANG_CXX_LANGUAGE_STANDARD = "gnu++0x";
				CLANG_CXX_LIBRARY = "libc++";
				CLANG_ENABLE_MODULES = YES;
				CLANG_ENABLE_OBJC_ARC = YES;
				CLANG_WARN_BOOL_CONVERSION = YES;
				CLANG_WARN_CONSTANT_CONVERSION = YES;
				CLANG_WARN_DIRECT_OBJC_ISA_USAGE = YES_ERROR;
				CLANG_WARN_EMPTY_BODY = YES;
				CLANG_WARN_ENUM_CONVERSION = YES;
				CLANG_WARN_INT_CONVERSION = YES;
				CLANG_WARN_OBJC_ROOT_CLASS = YES_ERROR;
				CLANG_WARN_UNREACHABLE_CODE = YES;
				CLANG_WARN__DUPLICATE_METHOD_MATCH = YES;
				"CODE_SIGN_IDENTITY[sdk=iphoneos*]" = "iPhone Developer";
				COPY_PHASE_STRIP = NO;
				DEBUG_INFORMATION_FORMAT = "dwarf-with-dsym";
				ENABLE_NS_ASSERTIONS = NO;
				ENABLE_STRICT_OBJC_MSGSEND = YES;
				GCC_C_LANGUAGE_STANDARD = gnu99;
				GCC_NO_COMMON_BLOCKS = YES;
				GCC_WARN_64_TO_32_BIT_CONVERSION = YES;
				GCC_WARN_ABOUT_RETURN_TYPE = YES_ERROR;
				GCC_WARN_UNDECLARED_SELECTOR = YES;
				GCC_WARN_UNINITIALIZED_AUTOS = YES_AGGRESSIVE;
				GCC_WARN_UNUSED_FUNCTION = YES;
				GCC_WARN_UNUSED_VARIABLE = YES;
				IPHONEOS_DEPLOYMENT_TARGET = 9.2;
				MTL_ENABLE_DEBUG_INFO = NO;
				SDKROOT = iphoneos;
				VALIDATE_PRODUCT = YES;
			};
			name = Release;
		};
		20C0E35A1C9AF4C8009D918E /* Debug */ = {
			isa = XCBuildConfiguration;
			buildSettings = {
				ASSETCATALOG_COMPILER_APPICON_NAME = AppIcon;
				INFOPLIST_FILE = ConsultaSwift/Info.plist;
				LD_RUNPATH_SEARCH_PATHS = "$(inherited) @executable_path/Frameworks";
				PRODUCT_BUNDLE_IDENTIFIER = com.G.ConsultaSwift;
				PRODUCT_NAME = "$(TARGET_NAME)";
			};
			name = Debug;
		};
		20C0E35B1C9AF4C8009D918E /* Release */ = {
			isa = XCBuildConfiguration;
			buildSettings = {
				ASSETCATALOG_COMPILER_APPICON_NAME = AppIcon;
				INFOPLIST_FILE = ConsultaSwift/Info.plist;
				LD_RUNPATH_SEARCH_PATHS = "$(inherited) @executable_path/Frameworks";
				PRODUCT_BUNDLE_IDENTIFIER = com.G.ConsultaSwift;
				PRODUCT_NAME = "$(TARGET_NAME)";
			};
			name = Release;
		};
/* End XCBuildConfiguration section */

/* Begin XCConfigurationList section */
		20C0E3421C9AF4C7009D918E /* Build configuration list for PBXProject "ConsultaSwift" */ = {
			isa = XCConfigurationList;
			buildConfigurations = (
				20C0E3571C9AF4C8009D918E /* Debug */,
				20C0E3581C9AF4C8009D918E /* Release */,
			);
			defaultConfigurationIsVisible = 0;
			defaultConfigurationName = Release;
		};
		20C0E3591C9AF4C8009D918E /* Build configuration list for PBXNativeTarget "ConsultaSwift" */ = {
			isa = XCConfigurationList;
			buildConfigurations = (
				20C0E35A1C9AF4C8009D918E /* Debug */,
				20C0E35B1C9AF4C8009D918E /* Release */,
			);
			defaultConfigurationIsVisible = 0;
		};
/* End XCConfigurationList section */
	};
	rootObject = 20C0E33F1C9AF4C7009D918E /* Project object */;
}
